{
  "name": "@web3-storage/w3infra-billing",
  "version": "0.0.0",
  "lockfileVersion": 3,
  "requires": true,
  "packages": {
    "": {
      "name": "@web3-storage/w3infra-billing",
      "version": "0.0.0",
      "dependencies": {
        "@web3-storage/capabilities": "^10.0.0"
      },
      "engines": {
        "node": ">=16.15"
      }
    },
    "node_modules/@ipld/car": {
      "version": "5.2.4",
      "resolved": "https://registry.npmjs.org/@ipld/car/-/car-5.2.4.tgz",
      "integrity": "sha512-YoVXE/o5HLXKi/Oqh9Nhcn423sdn9brRFKnbUid68/1D332/XINcoyCTvBluFcCw/9IeiTx+sEAV+onXZ/A4eA==",
      "dependencies": {
        "@ipld/dag-cbor": "^9.0.0",
        "cborg": "^4.0.0",
        "multiformats": "^12.1.0",
        "varint": "^6.0.0"
      },
      "engines": {
        "node": ">=16.0.0",
        "npm": ">=7.0.0"
      }
    },
    "node_modules/@ipld/car/node_modules/multiformats": {
      "version": "12.1.2",
      "resolved": "https://registry.npmjs.org/multiformats/-/multiformats-12.1.2.tgz",
      "integrity": "sha512-6mRIsrZXyw5xNPO31IGBMmxgDXBSgCGDsBAtazkZ02ip4hMwZNrQvfxXZtytRoBSWuzSq5f9VmMnXj76fIz5FQ==",
      "engines": {
        "node": ">=16.0.0",
        "npm": ">=7.0.0"
      }
    },
    "node_modules/@ipld/dag-cbor": {
      "version": "9.0.6",
      "resolved": "https://registry.npmjs.org/@ipld/dag-cbor/-/dag-cbor-9.0.6.tgz",
      "integrity": "sha512-3kNab5xMppgWw6DVYx2BzmFq8t7I56AGWfp5kaU1fIPkwHVpBRglJJTYsGtbVluCi/s/q97HZM3bC+aDW4sxbQ==",
      "dependencies": {
        "cborg": "^4.0.0",
        "multiformats": "^12.0.1"
      },
      "engines": {
        "node": ">=16.0.0",
        "npm": ">=7.0.0"
      }
    },
    "node_modules/@ipld/dag-cbor/node_modules/multiformats": {
      "version": "12.1.2",
      "resolved": "https://registry.npmjs.org/multiformats/-/multiformats-12.1.2.tgz",
      "integrity": "sha512-6mRIsrZXyw5xNPO31IGBMmxgDXBSgCGDsBAtazkZ02ip4hMwZNrQvfxXZtytRoBSWuzSq5f9VmMnXj76fIz5FQ==",
      "engines": {
        "node": ">=16.0.0",
        "npm": ">=7.0.0"
      }
    },
    "node_modules/@ipld/dag-json": {
      "version": "10.1.5",
      "resolved": "https://registry.npmjs.org/@ipld/dag-json/-/dag-json-10.1.5.tgz",
      "integrity": "sha512-AIIDRGPgIqVG2K1O42dPDzNOfP0YWV/suGApzpF+YWZLwkwdGVsxjmXcJ/+rwOhRGdjpuq/xQBKPCu1Ao6rdOQ==",
      "dependencies": {
        "cborg": "^4.0.0",
        "multiformats": "^12.0.1"
      },
      "engines": {
        "node": ">=16.0.0",
        "npm": ">=7.0.0"
      }
    },
    "node_modules/@ipld/dag-json/node_modules/multiformats": {
      "version": "12.1.2",
      "resolved": "https://registry.npmjs.org/multiformats/-/multiformats-12.1.2.tgz",
      "integrity": "sha512-6mRIsrZXyw5xNPO31IGBMmxgDXBSgCGDsBAtazkZ02ip4hMwZNrQvfxXZtytRoBSWuzSq5f9VmMnXj76fIz5FQ==",
      "engines": {
        "node": ">=16.0.0",
        "npm": ">=7.0.0"
      }
    },
    "node_modules/@ipld/dag-ucan": {
      "version": "3.4.0",
      "resolved": "https://registry.npmjs.org/@ipld/dag-ucan/-/dag-ucan-3.4.0.tgz",
      "integrity": "sha512-sW4R43w3DbEdoGWWJZCwsblwXa600HCanG9p2w1MJPVBNTNjhvqc3XI0uEqKhT2oqKWrND7uInVtcPmZme7hhA==",
      "dependencies": {
        "@ipld/dag-cbor": "^9.0.0",
        "@ipld/dag-json": "^10.0.0",
        "multiformats": "^11.0.0"
      }
    },
    "node_modules/@noble/curves": {
      "version": "1.2.0",
      "resolved": "https://registry.npmjs.org/@noble/curves/-/curves-1.2.0.tgz",
      "integrity": "sha512-oYclrNgRaM9SsBUBVbb8M6DTV7ZHRTKugureoYEncY5c65HOmRzvSiTE3y5CYaPYJA/GVkrhXEoF0M3Ya9PMnw==",
      "dependencies": {
        "@noble/hashes": "1.3.2"
      },
      "funding": {
        "url": "https://paulmillr.com/funding/"
      }
    },
    "node_modules/@noble/ed25519": {
      "version": "1.7.3",
      "resolved": "https://registry.npmjs.org/@noble/ed25519/-/ed25519-1.7.3.tgz",
      "integrity": "sha512-iR8GBkDt0Q3GyaVcIu7mSsVIqnFbkbRzGLWlvhwunacoLwt4J3swfKhfaM6rN6WY+TBGoYT1GtT1mIh2/jGbRQ==",
      "funding": [
        {
          "type": "individual",
          "url": "https://paulmillr.com/funding/"
        }
      ]
    },
    "node_modules/@noble/hashes": {
      "version": "1.3.2",
      "resolved": "https://registry.npmjs.org/@noble/hashes/-/hashes-1.3.2.tgz",
      "integrity": "sha512-MVC8EAQp7MvEcm30KWENFjgR+Mkmf+D189XJTkFIlwohU5hcBbn1ZkKq7KVTi2Hme3PMGF390DaL52beVrIihQ==",
      "engines": {
        "node": ">= 16"
      },
      "funding": {
        "url": "https://paulmillr.com/funding/"
      }
    },
    "node_modules/@ucanto/core": {
      "version": "9.0.0",
      "resolved": "https://registry.npmjs.org/@ucanto/core/-/core-9.0.0.tgz",
      "integrity": "sha512-O2c+UOQ5wAvUsuN7BbZR6QAoUgYpWzN0HAAVbNBLT4I8/OUzMcxSYeu08/ph0sNtLGlOPDcPn+ANclTwxc5UcA==",
      "dependencies": {
        "@ipld/car": "^5.1.0",
        "@ipld/dag-cbor": "^9.0.0",
        "@ipld/dag-ucan": "^3.4.0",
        "@ucanto/interface": "^9.0.0",
        "multiformats": "^11.0.2"
      }
    },
    "node_modules/@ucanto/interface": {
      "version": "9.0.0",
      "resolved": "https://registry.npmjs.org/@ucanto/interface/-/interface-9.0.0.tgz",
      "integrity": "sha512-Y9185yj+CRNpT43EAHTe9MpskCgU9DyWvmYyLMMmF40w+ujp6EYy5JVI/gVjJAsh+2Y9ruvWHOF0M+21TnLQyg==",
      "dependencies": {
        "@ipld/dag-ucan": "^3.4.0",
        "multiformats": "^11.0.2"
      }
    },
    "node_modules/@ucanto/principal": {
      "version": "9.0.0",
      "resolved": "https://registry.npmjs.org/@ucanto/principal/-/principal-9.0.0.tgz",
      "integrity": "sha512-3KpaZ0mNycDnDx2WJ9p5qnhTlc4YLFqmuClBpNJcGLk+begaeH7dUlzfxNtloSvZAeB67G03Y883CqiVhN6ZmA==",
      "dependencies": {
        "@ipld/dag-ucan": "^3.4.0",
        "@noble/curves": "^1.2.0",
        "@noble/ed25519": "^1.7.3",
        "@noble/hashes": "^1.3.2",
        "@ucanto/interface": "^9.0.0",
        "multiformats": "^11.0.2",
        "one-webcrypto": "^1.0.3"
      }
    },
    "node_modules/@ucanto/transport": {
      "version": "9.0.0",
      "resolved": "https://registry.npmjs.org/@ucanto/transport/-/transport-9.0.0.tgz",
      "integrity": "sha512-eN9kkhdp5vC8iYSlT+4YeqyLdV+3g4kYLvuDojdR1lqEcJM2/1W8KjGgmGt6dhE7eBlMqD2hqujS1ePPtY2mKw==",
      "dependencies": {
        "@ucanto/core": "^9.0.0",
        "@ucanto/interface": "^9.0.0"
      }
    },
    "node_modules/@ucanto/validator": {
      "version": "9.0.0",
      "resolved": "https://registry.npmjs.org/@ucanto/validator/-/validator-9.0.0.tgz",
      "integrity": "sha512-ZgwVAHAMOzqNsl4fn1qTP1J5Y8oSB2qGn0NzMtSj2FwWzPUBog0WTXSiDqV6H60aNJt38l4pL+R4JaqUg0Z3uQ==",
      "dependencies": {
        "@ipld/car": "^5.1.0",
        "@ipld/dag-cbor": "^9.0.0",
        "@ucanto/core": "^9.0.0",
        "@ucanto/interface": "^9.0.0",
        "multiformats": "^11.0.2"
      }
    },
    "node_modules/@web3-storage/capabilities": {
      "version": "10.0.0",
      "resolved": "https://registry.npmjs.org/@web3-storage/capabilities/-/capabilities-10.0.0.tgz",
      "integrity": "sha512-J9z0O5ACgKVbeBksyZLTL3rbhta/592ucQ6BKJ8gX9yFv5FAFpi+3vVpq22lkHs25sd/MfOo+VsAAg5qdQFvog==",
      "dependencies": {
        "@ucanto/core": "^9.0.0",
        "@ucanto/interface": "^9.0.0",
        "@ucanto/principal": "^9.0.0",
        "@ucanto/transport": "^9.0.0",
        "@ucanto/validator": "^9.0.0",
        "@web3-storage/data-segment": "^3.2.0"
      }
    },
    "node_modules/@web3-storage/data-segment": {
      "version": "3.2.0",
      "resolved": "https://registry.npmjs.org/@web3-storage/data-segment/-/data-segment-3.2.0.tgz",
      "integrity": "sha512-SM6eNumXzrXiQE2/J59+eEgCRZNYPxKhRoHX2QvV3/scD4qgcf4g+paWBc3UriLEY1rCboygGoPsnqYJNyZyfA==",
      "dependencies": {
        "@ipld/dag-cbor": "^9.0.5",
        "multiformats": "^11.0.2",
        "sync-multihash-sha2": "^1.0.0"
      }
    },
    "node_modules/cborg": {
      "version": "4.0.3",
      "resolved": "https://registry.npmjs.org/cborg/-/cborg-4.0.3.tgz",
      "integrity": "sha512-poLvpK30KT5KI8gzDx3J/IuVCbsLqMT2fEbOrOuX0H7Hyj8yg5LezeWhRh9aLa5Z6MfPC5sriW3HVJF328M8LQ==",
      "bin": {
        "cborg": "lib/bin.js"
      }
    },
    "node_modules/multiformats": {
      "version": "11.0.2",
      "resolved": "https://registry.npmjs.org/multiformats/-/multiformats-11.0.2.tgz",
      "integrity": "sha512-b5mYMkOkARIuVZCpvijFj9a6m5wMVLC7cf/jIPd5D/ARDOfLC5+IFkbgDXQgcU2goIsTD/O9NY4DI/Mt4OGvlg==",
      "engines": {
        "node": ">=16.0.0",
        "npm": ">=7.0.0"
      }
    },
    "node_modules/one-webcrypto": {
      "version": "1.0.3",
      "resolved": "https://registry.npmjs.org/one-webcrypto/-/one-webcrypto-1.0.3.tgz",
      "integrity": "sha512-fu9ywBVBPx0gS9K0etIROTiCkvI5S1TDjFsYFb3rC1ewFxeOqsbzq7aIMBHsYfrTHBcGXJaONXXjTl8B01cW1Q=="
    },
    "node_modules/sync-multihash-sha2": {
      "version": "1.0.0",
      "resolved": "https://registry.npmjs.org/sync-multihash-sha2/-/sync-multihash-sha2-1.0.0.tgz",
      "integrity": "sha512-A5gVpmtKF0ov+/XID0M0QRJqF2QxAsj3x/LlDC8yivzgoYCoWkV+XaZPfVu7Vj1T/hYzYS1tfjwboSbXjqocug==",
      "dependencies": {
        "@noble/hashes": "^1.3.1"
      }
    },
    "node_modules/varint": {
      "version": "6.0.0",
      "resolved": "https://registry.npmjs.org/varint/-/varint-6.0.0.tgz",
      "integrity": "sha512-cXEIW6cfr15lFv563k4GuVuW/fiwjknytD37jIOLSdSWuOI6WnO/oKwmP2FQTU2l01LP8/M5TSAJpzUaGe3uWg=="
    }
  }
}
